
Microsoft Visual Studio Solution File, Format Version 12.00
# Visual Studio Version 17
VisualStudioVersion = 17.2.32630.192
MinimumVisualStudioVersion = 10.0.40219.1
Project("{FAE04EC0-301F-11D3-BF4B-00C04F79EFBC}") = "ConsoleSt", "ConsoleSt.csproj", "{C9DD292B-D20C-4F49-9437-D7DE4261583B}"
EndProject
Global
	GlobalSection(SolutionConfigurationPlatforms) = preSolution
		Debug|Any CPU = Debug|Any CPU
		Release|Any CPU = Release|Any CPU
	EndGlobalSection
	GlobalSection(ProjectConfigurationPlatforms) = postSolution
		{C9DD292B-D20C-4F49-9437-D7DE4261583B}.Debug|Any CPU.ActiveCfg = Debug|Any CPU
		{C9DD292B-D20C-4F49-9437-D7DE4261583B}.Debug|Any CPU.Build.0 = Debug|Any CPU
		{C9DD292B-D20C-4F49-9437-D7DE4261583B}.Release|Any CPU.ActiveCfg = Release|Any CPU
		{C9DD292B-D20C-4F49-9437-D7DE4261583B}.Release|Any CPU.Build.0 = Release|Any CPU
	EndGlobalSection
	GlobalSection(SolutionProperties) = preSolution
		HideSolutionNode = FALSE
	EndGlobalSection
	GlobalSection(ExtensibilityGlobals) = postSolution
		SolutionGuid = {1416CF7E-F79C-4BB3-B5DF-22633C6DFE50}
	EndGlobalSection
EndGlobal
